
Microsoft Visual Studio Solution File, Format Version 12.00
# Visual Studio Version 17
VisualStudioVersion = 17.4.33403.182
MinimumVisualStudioVersion = 10.0.40219.1
Project("{FAE04EC0-301F-11D3-BF4B-00C04F79EFBC}") = "AutoRemoveFile", "AutoRemoveFile\AutoRemoveFile.csproj", "{6955FCF0-DEF8-4D11-BEF1-0087A5F722D6}"
EndProject
Project("{9A19103F-16F7-4668-BE54-9A1E7A4F7556}") = "FileManager", "FileManager\FileManager.csproj", "{783B7DDF-8CAB-4CB5-AA25-C9ED91B3A124}"
EndProject
Global
	GlobalSection(SolutionConfigurationPlatforms) = preSolution
		Debug|Any CPU = Debug|Any CPU
		Release|Any CPU = Release|Any CPU
	EndGlobalSection
	GlobalSection(ProjectConfigurationPlatforms) = postSolution
		{6955FCF0-DEF8-4D11-BEF1-0087A5F722D6}.Debug|Any CPU.ActiveCfg = Debug|Any CPU
		{6955FCF0-DEF8-4D11-BEF1-0087A5F722D6}.Debug|Any CPU.Build.0 = Debug|Any CPU
		{6955FCF0-DEF8-4D11-BEF1-0087A5F722D6}.Release|Any CPU.ActiveCfg = Release|Any CPU
		{6955FCF0-DEF8-4D11-BEF1-0087A5F722D6}.Release|Any CPU.Build.0 = Release|Any CPU
		{783B7DDF-8CAB-4CB5-AA25-C9ED91B3A124}.Debug|Any CPU.ActiveCfg = Debug|Any CPU
		{783B7DDF-8CAB-4CB5-AA25-C9ED91B3A124}.Debug|Any CPU.Build.0 = Debug|Any CPU
		{783B7DDF-8CAB-4CB5-AA25-C9ED91B3A124}.Release|Any CPU.ActiveCfg = Release|Any CPU
		{783B7DDF-8CAB-4CB5-AA25-C9ED91B3A124}.Release|Any CPU.Build.0 = Release|Any CPU
	EndGlobalSection
	GlobalSection(SolutionProperties) = preSolution
		HideSolutionNode = FALSE
	EndGlobalSection
	GlobalSection(ExtensibilityGlobals) = postSolution
		SolutionGuid = {4A67EB9E-B746-4DE0-A559-E673D5AEEBE7}
	EndGlobalSection
EndGlobal
